
Microsoft Visual Studio Solution File, Format Version 12.00
# Visual Studio Version 16
VisualStudioVersion = 16.0.31729.503
MinimumVisualStudioVersion = 10.0.40219.1
Project("{FAE04EC0-301F-11D3-BF4B-00C04F79EFBC}") = "KnaveBot", "KnaveBot\KnaveBot.csproj", "{1E801B85-60FA-48E2-9B99-2EB51ED1B4A3}"
EndProject
Global
	GlobalSection(SolutionConfigurationPlatforms) = preSolution
		Debug|Any CPU = Debug|Any CPU
		Release|Any CPU = Release|Any CPU
	EndGlobalSection
	GlobalSection(ProjectConfigurationPlatforms) = postSolution
		{1E801B85-60FA-48E2-9B99-2EB51ED1B4A3}.Debug|Any CPU.ActiveCfg = Debug|Any CPU
		{1E801B85-60FA-48E2-9B99-2EB51ED1B4A3}.Debug|Any CPU.Build.0 = Debug|Any CPU
		{1E801B85-60FA-48E2-9B99-2EB51ED1B4A3}.Release|Any CPU.ActiveCfg = Release|Any CPU
		{1E801B85-60FA-48E2-9B99-2EB51ED1B4A3}.Release|Any CPU.Build.0 = Release|Any CPU
	EndGlobalSection
	GlobalSection(SolutionProperties) = preSolution
		HideSolutionNode = FALSE
	EndGlobalSection
	GlobalSection(ExtensibilityGlobals) = postSolution
		SolutionGuid = {920812AD-4DF3-4A7D-B422-FDDFC0392F78}
	EndGlobalSection
EndGlobal
